
Microsoft Visual Studio Solution File, Format Version 12.00
# Visual Studio Version 16
VisualStudioVersion = 16.0.31129.286
MinimumVisualStudioVersion = 10.0.40219.1
Project("{FAE04EC0-301F-11D3-BF4B-00C04F79EFBC}") = "ReadWrite", "ReadWrite\ReadWrite.csproj", "{14185A40-57A3-4C21-BCAC-E58D64C736FC}"
EndProject
Global
	GlobalSection(SolutionConfigurationPlatforms) = preSolution
		Debug|Any CPU = Debug|Any CPU
		Release|Any CPU = Release|Any CPU
	EndGlobalSection
	GlobalSection(ProjectConfigurationPlatforms) = postSolution
		{14185A40-57A3-4C21-BCAC-E58D64C736FC}.Debug|Any CPU.ActiveCfg = Debug|Any CPU
		{14185A40-57A3-4C21-BCAC-E58D64C736FC}.Debug|Any CPU.Build.0 = Debug|Any CPU
		{14185A40-57A3-4C21-BCAC-E58D64C736FC}.Release|Any CPU.ActiveCfg = Release|Any CPU
		{14185A40-57A3-4C21-BCAC-E58D64C736FC}.Release|Any CPU.Build.0 = Release|Any CPU
	EndGlobalSection
	GlobalSection(SolutionProperties) = preSolution
		HideSolutionNode = FALSE
	EndGlobalSection
	GlobalSection(ExtensibilityGlobals) = postSolution
		SolutionGuid = {DEBB644B-987F-4EA3-8B31-C2C060909FCD}
	EndGlobalSection
EndGlobal
